PODS:
  - audio_service (0.0.1):
    - Flutter
    - FlutterMacOS
  - audio_session (0.0.1):
    - Flutter
  - background_fetch (1.5.0):
    - Flutter
    - TSBackgroundFetch (~> 4.0)
  - Flutter (1.0.0)
  - flutter_app_group_directory (0.0.1):
    - Flutter
  - flutter_carplay (1.1.0):
    - Flutter
  - flutter_secure_storage_darwin (10.0.0):
    - Flutter
    - FlutterMacOS
  - just_audio (0.0.1):
    - Flutter
    - FlutterMacOS
  - live_activities (0.0.1):
    - Flutter
  - permission_handler_apple (9.3.0):
    - Flutter
  - shared_preferences_foundation (0.0.1):
    - Flutter
    - FlutterMacOS
  - sqflite_darwin (0.0.4):
    - Flutter
    - FlutterMacOS
  - TSBackgroundFetch (4.0.6)
  - watch_connectivity (0.0.1):
    - Flutter

DEPENDENCIES:
  - audio_service (from `.symlinks/plugins/audio_service/darwin`)
  - audio_session (from `.symlinks/plugins/audio_session/ios`)
  - background_fetch (from `.symlinks/plugins/background_fetch/ios`)
  - Flutter (from `Flutter`)
  - flutter_app_group_directory (from `.symlinks/plugins/flutter_app_group_directory/ios`)
  - flutter_carplay (from `.symlinks/plugins/flutter_carplay/ios`)
  - flutter_secure_storage_darwin (from `.symlinks/plugins/flutter_secure_storage_darwin/darwin`)
  - just_audio (from `.symlinks/plugins/just_audio/darwin`)
  - live_activities (from `.symlinks/plugins/live_activities/ios`)
  - permission_handler_apple (from `.symlinks/plugins/permission_handler_apple/ios`)
  - shared_preferences_foundation (from `.symlinks/plugins/shared_preferences_foundation/darwin`)
  - sqflite_darwin (from `.symlinks/plugins/sqflite_darwin/darwin`)
  - watch_connectivity (from `.symlinks/plugins/watch_connectivity/ios`)

SPEC REPOS:
  trunk:
    - TSBackgroundFetch

EXTERNAL SOURCES:
  audio_service:
    :path: ".symlinks/plugins/audio_service/darwin"
  audio_session:
    :path: ".symlinks/plugins/audio_session/ios"
  background_fetch:
    :path: ".symlinks/plugins/background_fetch/ios"
  Flutter:
    :path: Flutter
  flutter_app_group_directory:
    :path: ".symlinks/plugins/flutter_app_group_directory/ios"
  flutter_carplay:
    :path: ".symlinks/plugins/flutter_carplay/ios"
  flutter_secure_storage_darwin:
    :path: ".symlinks/plugins/flutter_secure_storage_darwin/darwin"
  just_audio:
    :path: ".symlinks/plugins/just_audio/darwin"
  live_activities:
    :path: ".symlinks/plugins/live_activities/ios"
  permission_handler_apple:
    :path: ".symlinks/plugins/permission_handler_apple/ios"
  shared_preferences_foundation:
    :path: ".symlinks/plugins/shared_preferences_foundation/darwin"
  sqflite_darwin:
    :path: ".symlinks/plugins/sqflite_darwin/darwin"
  watch_connectivity:
    :path: ".symlinks/plugins/watch_connectivity/ios"

SPEC CHECKSUMS:
  audio_service: aa99a6ba2ae7565996015322b0bb024e1d25c6fd
  audio_session: 9bb7f6c970f21241b19f5a3658097ae459681ba0
  background_fetch: 7457cb2c7be3086b37d87207866f30bed2f9fb58
  Flutter: cabc95a1d2626b1b06e7179b784ebcf0c0cde467
  flutter_app_group_directory: 55b5362007d1c0cb45dc1dd1e94f67d615f45a6b
  flutter_carplay: 0e3f943484e00399dac7f599715ae6761288f0db
  flutter_secure_storage_darwin: acdb3f316ed05a3e68f856e0353b133eec373a23
  just_audio: 4e391f57b79cad2b0674030a00453ca5ce817eed
  live_activities: 4dfa736d0736e1c77866a2f9c056a76513cc9e7b
  permission_handler_apple: 4ed2196e43d0651e8ff7ca3483a069d469701f2d
  shared_preferences_foundation: 7036424c3d8ec98dfe75ff1667cb0cd531ec82bb
  sqflite_darwin: 20b2a3a3b70e43edae938624ce550a3cbf66a3d0
  TSBackgroundFetch: 0afbeaae4e1132866e1d4b6e55265af26b5958ae
  watch_connectivity: 88e5bea25b473e66ef8d3f960954d154ed0356d6

PODFILE CHECKSUM: 0f7516f662866f71339ba24ad52703fb66bc7cb2

COCOAPODS: 1.16.2
